
Microsoft Visual Studio Solution File, Format Version 12.00
# Visual Studio 15
VisualStudioVersion = 15.0.28307.271
MinimumVisualStudioVersion = 10.0.40219.1
Project("{FAE04EC0-301F-11D3-BF4B-00C04F79EFBC}") = "FirstApp.Android", "FirstApp\FirstApp.Android\FirstApp.Android.csproj", "{AF6D56F5-FE18-4DCD-B088-7A0348F2BE39}"
EndProject
Project("{FAE04EC0-301F-11D3-BF4B-00C04F79EFBC}") = "FirstApp.iOS", "FirstApp\FirstApp.iOS\FirstApp.iOS.csproj", "{0E2F6CEF-E5FC-4DE4-ADA2-9FC0538DF1B4}"
EndProject
Project("{FAE04EC0-301F-11D3-BF4B-00C04F79EFBC}") = "FirstApp", "FirstApp\FirstApp\FirstApp.csproj", "{ADA80073-511B-429B-ACAB-E5BA2F4D5A24}"
EndProject
Global
	GlobalSection(SolutionConfigurationPlatforms) = preSolution
		Ad-Hoc|Any CPU = Ad-Hoc|Any CPU
		Ad-Hoc|iPhone = Ad-Hoc|iPhone
		Ad-Hoc|iPhoneSimulator = Ad-Hoc|iPhoneSimulator
		AppStore|Any CPU = AppStore|Any CPU
		AppStore|iPhone = AppStore|iPhone
		AppStore|iPhoneSimulator = AppStore|iPhoneSimulator
		Debug|Any CPU = Debug|Any CPU
		Debug|iPhone = Debug|iPhone
		Debug|iPhoneSimulator = Debug|iPhoneSimulator
		Release|Any CPU = Release|Any CPU
		Release|iPhone = Release|iPhone
		Release|iPhoneSimulator = Release|iPhoneSimulator
	EndGlobalSection
	GlobalSection(ProjectConfigurationPlatforms) = postSolution
		{AF6D56F5-FE18-4DCD-B088-7A0348F2BE39}.Ad-Hoc|Any CPU.ActiveCfg = Release|Any CPU
		{AF6D56F5-FE18-4DCD-B088-7A0348F2BE39}.Ad-Hoc|Any CPU.Build.0 = Release|Any CPU
		{AF6D56F5-FE18-4DCD-B088-7A0348F2BE39}.Ad-Hoc|Any CPU.Deploy.0 = Release|Any CPU
		{AF6D56F5-FE18-4DCD-B088-7A0348F2BE39}.Ad-Hoc|iPhone.ActiveCfg = Release|Any CPU
		{AF6D56F5-FE18-4DCD-B088-7A0348F2BE39}.Ad-Hoc|iPhone.Build.0 = Release|Any CPU
		{AF6D56F5-FE18-4DCD-B088-7A0348F2BE39}.Ad-Hoc|iPhone.Deploy.0 = Release|Any CPU
		{AF6D56F5-FE18-4DCD-B088-7A0348F2BE39}.Ad-Hoc|iPhoneSimulator.ActiveCfg = Release|Any CPU
		{AF6D56F5-FE18-4DCD-B088-7A0348F2BE39}.Ad-Hoc|iPhoneSimulator.Build.0 = Release|Any CPU
		{AF6D56F5-FE18-4DCD-B088-7A0348F2BE39}.Ad-Hoc|iPhoneSimulator.Deploy.0 = Release|Any CPU
		{AF6D56F5-FE18-4DCD-B088-7A0348F2BE39}.AppStore|Any CPU.ActiveCfg = Release|Any CPU
		{AF6D56F5-FE18-4DCD-B088-7A0348F2BE39}.AppStore|Any CPU.Build.0 = Release|Any CPU
		{AF6D56F5-FE18-4DCD-B088-7A0348F2BE39}.AppStore|Any CPU.Deploy.0 = Release|Any CPU
		{AF6D56F5-FE18-4DCD-B088-7A0348F2BE39}.AppStore|iPhone.ActiveCfg = Release|Any CPU
		{AF6D56F5-FE18-4DCD-B088-7A0348F2BE39}.AppStore|iPhone.Build.0 = Release|Any CPU
		{AF6D56F5-FE18-4DCD-B088-7A0348F2BE39}.AppStore|iPhone.Deploy.0 = Release|Any CPU
		{AF6D56F5-FE18-4DCD-B088-7A0348F2BE39}.AppStore|iPhoneSimulator.ActiveCfg = Release|Any CPU
		{AF6D56F5-FE18-4DCD-B088-7A0348F2BE39}.AppStore|iPhoneSimulator.Build.0 = Release|Any CPU
		{AF6D56F5-FE18-4DCD-B088-7A0348F2BE39}.AppStore|iPhoneSimulator.Deploy.0 = Release|Any CPU
		{AF6D56F5-FE18-4DCD-B088-7A0348F2BE39}.Debug|Any CPU.ActiveCfg = Debug|Any CPU
		{AF6D56F5-FE18-4DCD-B088-7A0348F2BE39}.Debug|Any CPU.Build.0 = Debug|Any CPU
		{AF6D56F5-FE18-4DCD-B088-7A0348F2BE39}.Debug|Any CPU.Deploy.0 = Debug|Any CPU
		{AF6D56F5-FE18-4DCD-B088-7A0348F2BE39}.Debug|iPhone.ActiveCfg = Debug|Any CPU
		{AF6D56F5-FE18-4DCD-B088-7A0348F2BE39}.Debug|iPhone.Build.0 = Debug|Any CPU
		{AF6D56F5-FE18-4DCD-B088-7A0348F2BE39}.Debug|iPhone.Deploy.0 = Debug|Any CPU
		{AF6D56F5-FE18-4DCD-B088-7A0348F2BE39}.Debug|iPhoneSimulator.ActiveCfg = Debug|Any CPU
		{AF6D56F5-FE18-4DCD-B088-7A0348F2BE39}.Debug|iPhoneSimulator.Build.0 = Debug|Any CPU
		{AF6D56F5-FE18-4DCD-B088-7A0348F2BE39}.Debug|iPhoneSimulator.Deploy.0 = Debug|Any CPU
		{AF6D56F5-FE18-4DCD-B088-7A0348F2BE39}.Release|Any CPU.ActiveCfg = Release|Any CPU
		{AF6D56F5-FE18-4DCD-B088-7A0348F2BE39}.Release|Any CPU.Build.0 = Release|Any CPU
		{AF6D56F5-FE18-4DCD-B088-7A0348F2BE39}.Release|Any CPU.Deploy.0 = Release|Any CPU
		{AF6D56F5-FE18-4DCD-B088-7A0348F2BE39}.Release|iPhone.ActiveCfg = Release|Any CPU
		{AF6D56F5-FE18-4DCD-B088-7A0348F2BE39}.Release|iPhone.Build.0 = Release|Any CPU
		{AF6D56F5-FE18-4DCD-B088-7A0348F2BE39}.Release|iPhone.Deploy.0 = Release|Any CPU
		{AF6D56F5-FE18-4DCD-B088-7A0348F2BE39}.Release|iPhoneSimulator.ActiveCfg = Release|Any CPU
		{AF6D56F5-FE18-4DCD-B088-7A0348F2BE39}.Release|iPhoneSimulator.Build.0 = Release|Any CPU
		{AF6D56F5-FE18-4DCD-B088-7A0348F2BE39}.Release|iPhoneSimulator.Deploy.0 = Release|Any CPU
		{0E2F6CEF-E5FC-4DE4-ADA2-9FC0538DF1B4}.Ad-Hoc|Any CPU.ActiveCfg = Ad-Hoc|iPhone
		{0E2F6CEF-E5FC-4DE4-ADA2-9FC0538DF1B4}.Ad-Hoc|Any CPU.Build.0 = Ad-Hoc|iPhone
		{0E2F6CEF-E5FC-4DE4-ADA2-9FC0538DF1B4}.Ad-Hoc|Any CPU.Deploy.0 = Ad-Hoc|iPhone
		{0E2F6CEF-E5FC-4DE4-ADA2-9FC0538DF1B4}.Ad-Hoc|iPhone.ActiveCfg = Ad-Hoc|iPhone
		{0E2F6CEF-E5FC-4DE4-ADA2-9FC0538DF1B4}.Ad-Hoc|iPhone.Build.0 = Ad-Hoc|iPhone
		{0E2F6CEF-E5FC-4DE4-ADA2-9FC0538DF1B4}.Ad-Hoc|iPhone.Deploy.0 = Ad-Hoc|iPhone
		{0E2F6CEF-E5FC-4DE4-ADA2-9FC0538DF1B4}.Ad-Hoc|iPhoneSimulator.ActiveCfg = Ad-Hoc|iPhoneSimulator
		{0E2F6CEF-E5FC-4DE4-ADA2-9FC0538DF1B4}.Ad-Hoc|iPhoneSimulator.Build.0 = Ad-Hoc|iPhoneSimulator
		{0E2F6CEF-E5FC-4DE4-ADA2-9FC0538DF1B4}.Ad-Hoc|iPhoneSimulator.Deploy.0 = Ad-Hoc|iPhoneSimulator
		{0E2F6CEF-E5FC-4DE4-ADA2-9FC0538DF1B4}.AppStore|Any CPU.ActiveCfg = AppStore|iPhone
		{0E2F6CEF-E5FC-4DE4-ADA2-9FC0538DF1B4}.AppStore|Any CPU.Build.0 = AppStore|iPhone
		{0E2F6CEF-E5FC-4DE4-ADA2-9FC0538DF1B4}.AppStore|Any CPU.Deploy.0 = AppStore|iPhone
		{0E2F6CEF-E5FC-4DE4-ADA2-9FC0538DF1B4}.AppStore|iPhone.ActiveCfg = AppStore|iPhone
		{0E2F6CEF-E5FC-4DE4-ADA2-9FC0538DF1B4}.AppStore|iPhone.Build.0 = AppStore|iPhone
		{0E2F6CEF-E5FC-4DE4-ADA2-9FC0538DF1B4}.AppStore|iPhone.Deploy.0 = AppStore|iPhone
		{0E2F6CEF-E5FC-4DE4-ADA2-9FC0538DF1B4}.AppStore|iPhoneSimulator.ActiveCfg = AppStore|iPhoneSimulator
		{0E2F6CEF-E5FC-4DE4-ADA2-9FC0538DF1B4}.AppStore|iPhoneSimulator.Build.0 = AppStore|iPhoneSimulator
		{0E2F6CEF-E5FC-4DE4-ADA2-9FC0538DF1B4}.AppStore|iPhoneSimulator.Deploy.0 = AppStore|iPhoneSimulator
		{0E2F6CEF-E5FC-4DE4-ADA2-9FC0538DF1B4}.Debug|Any CPU.ActiveCfg = Debug|iPhoneSimulator
		{0E2F6CEF-E5FC-4DE4-ADA2-9FC0538DF1B4}.Debug|Any CPU.Build.0 = Debug|iPhoneSimulator
		{0E2F6CEF-E5FC-4DE4-ADA2-9FC0538DF1B4}.Debug|Any CPU.Deploy.0 = Debug|iPhoneSimulator
		{0E2F6CEF-E5FC-4DE4-ADA2-9FC0538DF1B4}.Debug|iPhone.ActiveCfg = Debug|iPhone
		{0E2F6CEF-E5FC-4DE4-ADA2-9FC0538DF1B4}.Debug|iPhone.Build.0 = Debug|iPhone
		{0E2F6CEF-E5FC-4DE4-ADA2-9FC0538DF1B4}.Debug|iPhone.Deploy.0 = Debug|iPhone
		{0E2F6CEF-E5FC-4DE4-ADA2-9FC0538DF1B4}.Debug|iPhoneSimulator.ActiveCfg = Debug|iPhoneSimulator
		{0E2F6CEF-E5FC-4DE4-ADA2-9FC0538DF1B4}.Debug|iPhoneSimulator.Build.0 = Debug|iPhoneSimulator
		{0E2F6CEF-E5FC-4DE4-ADA2-9FC0538DF1B4}.Debug|iPhoneSimulator.Deploy.0 = Debug|iPhoneSimulator
		{0E2F6CEF-E5FC-4DE4-ADA2-9FC0538DF1B4}.Release|Any CPU.ActiveCfg = Release|iPhone
		{0E2F6CEF-E5FC-4DE4-ADA2-9FC0538DF1B4}.Release|Any CPU.Build.0 = Release|iPhone
		{0E2F6CEF-E5FC-4DE4-ADA2-9FC0538DF1B4}.Release|Any CPU.Deploy.0 = Release|iPhone
		{0E2F6CEF-E5FC-4DE4-ADA2-9FC0538DF1B4}.Release|iPhone.ActiveCfg = Release|iPhone
		{0E2F6CEF-E5FC-4DE4-ADA2-9FC0538DF1B4}.Release|iPhone.Build.0 = Release|iPhone
		{0E2F6CEF-E5FC-4DE4-ADA2-9FC0538DF1B4}.Release|iPhone.Deploy.0 = Release|iPhone
		{0E2F6CEF-E5FC-4DE4-ADA2-9FC0538DF1B4}.Release|iPhoneSimulator.ActiveCfg = Release|iPhoneSimulator
		{0E2F6CEF-E5FC-4DE4-ADA2-9FC0538DF1B4}.Release|iPhoneSimulator.Build.0 = Release|iPhoneSimulator
		{0E2F6CEF-E5FC-4DE4-ADA2-9FC0538DF1B4}.Release|iPhoneSimulator.Deploy.0 = Release|iPhoneSimulator
		{ADA80073-511B-429B-ACAB-E5BA2F4D5A24}.Ad-Hoc|Any CPU.ActiveCfg = Debug|Any CPU
		{ADA80073-511B-429B-ACAB-E5BA2F4D5A24}.Ad-Hoc|Any CPU.Build.0 = Debug|Any CPU
		{ADA80073-511B-429B-ACAB-E5BA2F4D5A24}.Ad-Hoc|Any CPU.Deploy.0 = Debug|Any CPU
		{ADA80073-511B-429B-ACAB-E5BA2F4D5A24}.Ad-Hoc|iPhone.ActiveCfg = Debug|Any CPU
		{ADA80073-511B-429B-ACAB-E5BA2F4D5A24}.Ad-Hoc|iPhone.Build.0 = Debug|Any CPU
		{ADA80073-511B-429B-ACAB-E5BA2F4D5A24}.Ad-Hoc|iPhone.Deploy.0 = Debug|Any CPU
		{ADA80073-511B-429B-ACAB-E5BA2F4D5A24}.Ad-Hoc|iPhoneSimulator.ActiveCfg = Debug|Any CPU
		{ADA80073-511B-429B-ACAB-E5BA2F4D5A24}.Ad-Hoc|iPhoneSimulator.Build.0 = Debug|Any CPU
		{ADA80073-511B-429B-ACAB-E5BA2F4D5A24}.Ad-Hoc|iPhoneSimulator.Deploy.0 = Debug|Any CPU
		{ADA80073-511B-429B-ACAB-E5BA2F4D5A24}.AppStore|Any CPU.ActiveCfg = Debug|Any CPU
		{ADA80073-511B-429B-ACAB-E5BA2F4D5A24}.AppStore|Any CPU.Build.0 = Debug|Any CPU
		{ADA80073-511B-429B-ACAB-E5BA2F4D5A24}.AppStore|Any CPU.Deploy.0 = Debug|Any CPU
		{ADA80073-511B-429B-ACAB-E5BA2F4D5A24}.AppStore|iPhone.ActiveCfg = Debug|Any CPU
		{ADA80073-511B-429B-ACAB-E5BA2F4D5A24}.AppStore|iPhone.Build.0 = Debug|Any CPU
		{ADA80073-511B-429B-ACAB-E5BA2F4D5A24}.AppStore|iPhone.Deploy.0 = Debug|Any CPU
		{ADA80073-511B-429B-ACAB-E5BA2F4D5A24}.AppStore|iPhoneSimulator.ActiveCfg = Debug|Any CPU
		{ADA80073-511B-429B-ACAB-E5BA2F4D5A24}.AppStore|iPhoneSimulator.Build.0 = Debug|Any CPU
		{ADA80073-511B-429B-ACAB-E5BA2F4D5A24}.AppStore|iPhoneSimulator.Deploy.0 = Debug|Any CPU
		{ADA80073-511B-429B-ACAB-E5BA2F4D5A24}.Debug|Any CPU.ActiveCfg = Debug|Any CPU
		{ADA80073-511B-429B-ACAB-E5BA2F4D5A24}.Debug|Any CPU.Build.0 = Debug|Any CPU
		{ADA80073-511B-429B-ACAB-E5BA2F4D5A24}.Debug|Any CPU.Deploy.0 = Debug|Any CPU
		{ADA80073-511B-429B-ACAB-E5BA2F4D5A24}.Debug|iPhone.ActiveCfg = Debug|Any CPU
		{ADA80073-511B-429B-ACAB-E5BA2F4D5A24}.Debug|iPhone.Build.0 = Debug|Any CPU
		{ADA80073-511B-429B-ACAB-E5BA2F4D5A24}.Debug|iPhone.Deploy.0 = Debug|Any CPU
		{ADA80073-511B-429B-ACAB-E5BA2F4D5A24}.Debug|iPhoneSimulator.ActiveCfg = Debug|Any CPU
		{ADA80073-511B-429B-ACAB-E5BA2F4D5A24}.Debug|iPhoneSimulator.Build.0 = Debug|Any CPU
		{ADA80073-511B-429B-ACAB-E5BA2F4D5A24}.Debug|iPhoneSimulator.Deploy.0 = Debug|Any CPU
		{ADA80073-511B-429B-ACAB-E5BA2F4D5A24}.Release|Any CPU.ActiveCfg = Release|Any CPU
		{ADA80073-511B-429B-ACAB-E5BA2F4D5A24}.Release|Any CPU.Build.0 = Release|Any CPU
		{ADA80073-511B-429B-ACAB-E5BA2F4D5A24}.Release|Any CPU.Deploy.0 = Release|Any CPU
		{ADA80073-511B-429B-ACAB-E5BA2F4D5A24}.Release|iPhone.ActiveCfg = Release|Any CPU
		{ADA80073-511B-429B-ACAB-E5BA2F4D5A24}.Release|iPhone.Build.0 = Release|Any CPU
		{ADA80073-511B-429B-ACAB-E5BA2F4D5A24}.Release|iPhone.Deploy.0 = Release|Any CPU
		{ADA80073-511B-429B-ACAB-E5BA2F4D5A24}.Release|iPhoneSimulator.ActiveCfg = Release|Any CPU
		{ADA80073-511B-429B-ACAB-E5BA2F4D5A24}.Release|iPhoneSimulator.Build.0 = Release|Any CPU
		{ADA80073-511B-429B-ACAB-E5BA2F4D5A24}.Release|iPhoneSimulator.Deploy.0 = Release|Any CPU
	EndGlobalSection
	GlobalSection(SolutionProperties) = preSolution
		HideSolutionNode = FALSE
	EndGlobalSection
	GlobalSection(ExtensibilityGlobals) = postSolution
		SolutionGuid = {BA23F792-6E02-472A-9B67-51F139C3AE0E}
	EndGlobalSection
EndGlobal
